name: 'Lock Threads'

on:
  schedule:
    - cron: '0 0 * * 0'

jobs:
  lock:
    runs-on: ubuntu-latest
    steps:
      # 30 days of inactivity => silent close
      - uses: dessant/lock-threads@v2
        continue-on-error: true
        with:
          github-token: ${{ github.token }}
          issue-lock-inactive-days: '30'
